
Microsoft Visual Studio Solution File, Format Version 12.00
# Visual Studio Version 17
VisualStudioVersion = 17.3.32901.215
MinimumVisualStudioVersion = 10.0.40219.1
Project("{FAE04EC0-301F-11D3-BF4B-00C04F79EFBC}") = "BankingApp", "BankingApp\BankingApp.csproj", "{31BDB3FA-D3BE-43B0-A48F-E4B0CEA40512}"
EndProject
Global
	GlobalSection(SolutionConfigurationPlatforms) = preSolution
		Debug|Any CPU = Debug|Any CPU
		Release|Any CPU = Release|Any CPU
	EndGlobalSection
	GlobalSection(ProjectConfigurationPlatforms) = postSolution
		{31BDB3FA-D3BE-43B0-A48F-E4B0CEA40512}.Debug|Any CPU.ActiveCfg = Debug|Any CPU
		{31BDB3FA-D3BE-43B0-A48F-E4B0CEA40512}.Debug|Any CPU.Build.0 = Debug|Any CPU
		{31BDB3FA-D3BE-43B0-A48F-E4B0CEA40512}.Release|Any CPU.ActiveCfg = Release|Any CPU
		{31BDB3FA-D3BE-43B0-A48F-E4B0CEA40512}.Release|Any CPU.Build.0 = Release|Any CPU
	EndGlobalSection
	GlobalSection(SolutionProperties) = preSolution
		HideSolutionNode = FALSE
	EndGlobalSection
	GlobalSection(ExtensibilityGlobals) = postSolution
		SolutionGuid = {BA877384-2272-4D09-8A0A-977C9A94E483}
	EndGlobalSection
EndGlobal
